
Microsoft Visual Studio Solution File, Format Version 12.00
# Visual Studio Version 17
VisualStudioVersion = 17.4.33213.308
MinimumVisualStudioVersion = 10.0.40219.1
Project("{FAE04EC0-301F-11D3-BF4B-00C04F79EFBC}") = "Thus192023", "Thus192023\Thus192023.csproj", "{A937B3E5-4027-4843-8DBC-CBEAB8EDA455}"
EndProject
Global
	GlobalSection(SolutionConfigurationPlatforms) = preSolution
		Debug|Any CPU = Debug|Any CPU
		Release|Any CPU = Release|Any CPU
	EndGlobalSection
	GlobalSection(ProjectConfigurationPlatforms) = postSolution
		{A937B3E5-4027-4843-8DBC-CBEAB8EDA455}.Debug|Any CPU.ActiveCfg = Debug|Any CPU
		{A937B3E5-4027-4843-8DBC-CBEAB8EDA455}.Debug|Any CPU.Build.0 = Debug|Any CPU
		{A937B3E5-4027-4843-8DBC-CBEAB8EDA455}.Release|Any CPU.ActiveCfg = Release|Any CPU
		{A937B3E5-4027-4843-8DBC-CBEAB8EDA455}.Release|Any CPU.Build.0 = Release|Any CPU
	EndGlobalSection
	GlobalSection(SolutionProperties) = preSolution
		HideSolutionNode = FALSE
	EndGlobalSection
	GlobalSection(ExtensibilityGlobals) = postSolution
		SolutionGuid = {7615D0AC-418E-4A05-B64A-A36572B6FA0C}
	EndGlobalSection
EndGlobal
